// !$*UTF8*$!
{
	archiveVersion = 1;
	classes = {
	};
	objectVersion = 56;
	objects = {

/* Begin PBXBuildFile section */
		DB400534290939F400B32892 /* CaffeinateApp.swift in Sources */ = {isa = PBXBuildFile; fileRef = DB400533290939F400B32892 /* CaffeinateApp.swift */; };
		DB400538290939F600B32892 /* Assets.xcassets in Resources */ = {isa = PBXBuildFile; fileRef = DB400537290939F600B32892 /* Assets.xcassets */; };
		DB40053B290939F600B32892 /* Preview Assets.xcassets in Resources */ = {isa = PBXBuildFile; fileRef = DB40053A290939F600B32892 /* Preview Assets.xcassets */; };
		DB4005452909447F00B32892 /* Appdelegate.swift in Sources */ = {isa = PBXBuildFile; fileRef = DB4005442909447F00B32892 /* Appdelegate.swift */; };
		DB6B90B2290966B900627F78 /* About.swift in Sources */ = {isa = PBXBuildFile; fileRef = DB6B90B1290966B900627F78 /* About.swift */; };
		DB6B90B4290966E000627F78 /* Utility.swift in Sources */ = {isa = PBXBuildFile; fileRef = DB6B90B3290966E000627F78 /* Utility.swift */; };
		DB6B90B9290967D400627F78 /* SettingsView.swift in Sources */ = {isa = PBXBuildFile; fileRef = DB6B90B6290967D400627F78 /* SettingsView.swift */; };
		DB6B90BA290967D400627F78 /* TabView.swift in Sources */ = {isa = PBXBuildFile; fileRef = DB6B90B7290967D400627F78 /* TabView.swift */; };
		DB6B90BB290967D400627F78 /* Toolbar.swift in Sources */ = {isa = PBXBuildFile; fileRef = DB6B90B8290967D400627F78 /* Toolbar.swift */; };
		DB6B90BE290968F700627F78 /* ConfigData.swift in Sources */ = {isa = PBXBuildFile; fileRef = DB6B90BC290968F600627F78 /* ConfigData.swift */; };
		DB6B90BF290968F700627F78 /* ConfigHandler.swift in Sources */ = {isa = PBXBuildFile; fileRef = DB6B90BD290968F600627F78 /* ConfigHandler.swift */; };
/* End PBXBuildFile section */

/* Begin PBXFileReference section */
		DB400530290939F400B32892 /* Caffeinate.app */ = {isa = PBXFileReference; explicitFileType = wrapper.application; includeInIndex = 0; path = Caffeinate.app; sourceTree = BUILT_PRODUCTS_DIR; };
		DB400533290939F400B32892 /* CaffeinateApp.swift */ = {isa = PBXFileReference; lastKnownFileType = sourcecode.swift; path = CaffeinateApp.swift; sourceTree = "<group>"; };
		DB400537290939F600B32892 /* Assets.xcassets */ = {isa = PBXFileReference; lastKnownFileType = folder.assetcatalog; path = Assets.xcassets; sourceTree = "<group>"; };
		DB40053A290939F600B32892 /* Preview Assets.xcassets */ = {isa = PBXFileReference; lastKnownFileType = folder.assetcatalog; path = "Preview Assets.xcassets"; sourceTree = "<group>"; };
		DB40053C290939F600B32892 /* Caffeinate.entitlements */ = {isa = PBXFileReference; lastKnownFileType = text.plist.entitlements; path = Caffeinate.entitlements; sourceTree = "<group>"; };
		DB4005442909447F00B32892 /* Appdelegate.swift */ = {isa = PBXFileReference; lastKnownFileType = sourcecode.swift; path = Appdelegate.swift; sourceTree = "<group>"; };
		DB6B90B1290966B900627F78 /* About.swift */ = {isa = PBXFileReference; fileEncoding = 4; lastKnownFileType = sourcecode.swift; name = About.swift; path = Caffeinate/Settings/About.swift; sourceTree = SOURCE_ROOT; };
		DB6B90B3290966E000627F78 /* Utility.swift */ = {isa = PBXFileReference; fileEncoding = 4; lastKnownFileType = sourcecode.swift; path = Utility.swift; sourceTree = "<group>"; };
		DB6B90B6290967D400627F78 /* SettingsView.swift */ = {isa = PBXFileReference; fileEncoding = 4; lastKnownFileType = sourcecode.swift; path = SettingsView.swift; sourceTree = "<group>"; };
		DB6B90B7290967D400627F78 /* TabView.swift */ = {isa = PBXFileReference; fileEncoding = 4; lastKnownFileType = sourcecode.swift; path = TabView.swift; sourceTree = "<group>"; };
		DB6B90B8290967D400627F78 /* Toolbar.swift */ = {isa = PBXFileReference; fileEncoding = 4; lastKnownFileType = sourcecode.swift; path = Toolbar.swift; sourceTree = "<group>"; };
		DB6B90BC290968F600627F78 /* ConfigData.swift */ = {isa = PBXFileReference; fileEncoding = 4; lastKnownFileType = sourcecode.swift; path = ConfigData.swift; sourceTree = "<group>"; };
		DB6B90BD290968F600627F78 /* ConfigHandler.swift */ = {isa = PBXFileReference; fileEncoding = 4; lastKnownFileType = sourcecode.swift; path = ConfigHandler.swift; sourceTree = "<group>"; };
/* End PBXFileReference section */

/* Begin PBXFrameworksBuildPhase section */
		DB40052D290939F400B32892 /* Frameworks */ = {
			isa = PBXFrameworksBuildPhase;
			buildActionMask = 2147483647;
			files = (
			);
			runOnlyForDeploymentPostprocessing = 0;
		};
/* End PBXFrameworksBuildPhase section */

/* Begin PBXGroup section */
		DB400527290939F400B32892 = {
			isa = PBXGroup;
			children = (
				DB400532290939F400B32892 /* Caffeinate */,
				DB400531290939F400B32892 /* Products */,
			);
			sourceTree = "<group>";
		};
		DB400531290939F400B32892 /* Products */ = {
			isa = PBXGroup;
			children = (
				DB400530290939F400B32892 /* Caffeinate.app */,
			);
			name = Products;
			sourceTree = "<group>";
		};
		DB400532290939F400B32892 /* Caffeinate */ = {
			isa = PBXGroup;
			children = (
				DB6B90B52909671E00627F78 /* Settings */,
				DB400533290939F400B32892 /* CaffeinateApp.swift */,
				DB4005442909447F00B32892 /* Appdelegate.swift */,
				DB6B90B3290966E000627F78 /* Utility.swift */,
				DB400537290939F600B32892 /* Assets.xcassets */,
				DB40053C290939F600B32892 /* Caffeinate.entitlements */,
				DB400539290939F600B32892 /* Preview Content */,
			);
			path = Caffeinate;
			sourceTree = "<group>";
		};
		DB400539290939F600B32892 /* Preview Content */ = {
			isa = PBXGroup;
			children = (
				DB40053A290939F600B32892 /* Preview Assets.xcassets */,
			);
			path = "Preview Content";
			sourceTree = "<group>";
		};
		DB6B90B52909671E00627F78 /* Settings */ = {
			isa = PBXGroup;
			children = (
				DB6B90BC290968F600627F78 /* ConfigData.swift */,
				DB6B90BD290968F600627F78 /* ConfigHandler.swift */,
				DB6B90B1290966B900627F78 /* About.swift */,
				DB6B90B6290967D400627F78 /* SettingsView.swift */,
				DB6B90B7290967D400627F78 /* TabView.swift */,
				DB6B90B8290967D400627F78 /* Toolbar.swift */,
			);
			path = Settings;
			sourceTree = "<group>";
		};
/* End PBXGroup section */

/* Begin PBXNativeTarget section */
		DB40052F290939F400B32892 /* Caffeinate */ = {
			isa = PBXNativeTarget;
			buildConfigurationList = DB40053F290939F600B32892 /* Build configuration list for PBXNativeTarget "Caffeinate" */;
			buildPhases = (
				DB40052C290939F400B32892 /* Sources */,
				DB40052D290939F400B32892 /* Frameworks */,
				DB40052E290939F400B32892 /* Resources */,
			);
			buildRules = (
			);
			dependencies = (
			);
			name = Caffeinate;
			productName = Caffeinate;
			productReference = DB400530290939F400B32892 /* Caffeinate.app */;
			productType = "com.apple.product-type.application";
		};
/* End PBXNativeTarget section */

/* Begin PBXProject section */
		DB400528290939F400B32892 /* Project object */ = {
			isa = PBXProject;
			attributes = {
				BuildIndependentTargetsInParallel = 1;
				LastSwiftUpdateCheck = 1410;
				LastUpgradeCheck = 1410;
				TargetAttributes = {
					DB40052F290939F400B32892 = {
						CreatedOnToolsVersion = 14.1;
					};
				};
			};
			buildConfigurationList = DB40052B290939F400B32892 /* Build configuration list for PBXProject "Caffeinate" */;
			compatibilityVersion = "Xcode 14.0";
			developmentRegion = en;
			hasScannedForEncodings = 0;
			knownRegions = (
				en,
				Base,
			);
			mainGroup = DB400527290939F400B32892;
			productRefGroup = DB400531290939F400B32892 /* Products */;
			projectDirPath = "";
			projectRoot = "";
			targets = (
				DB40052F290939F400B32892 /* Caffeinate */,
			);
		};
/* End PBXProject section */

/* Begin PBXResourcesBuildPhase section */
		DB40052E290939F400B32892 /* Resources */ = {
			isa = PBXResourcesBuildPhase;
			buildActionMask = 2147483647;
			files = (
				DB40053B290939F600B32892 /* Preview Assets.xcassets in Resources */,
				DB400538290939F600B32892 /* Assets.xcassets in Resources */,
			);
			runOnlyForDeploymentPostprocessing = 0;
		};
/* End PBXResourcesBuildPhase section */

/* Begin PBXSourcesBuildPhase section */
		DB40052C290939F400B32892 /* Sources */ = {
			isa = PBXSourcesBuildPhase;
			buildActionMask = 2147483647;
			files = (
				DB6B90BB290967D400627F78 /* Toolbar.swift in Sources */,
				DB6B90B4290966E000627F78 /* Utility.swift in Sources */,
				DB4005452909447F00B32892 /* Appdelegate.swift in Sources */,
				DB6B90BE290968F700627F78 /* ConfigData.swift in Sources */,
				DB6B90BF290968F700627F78 /* ConfigHandler.swift in Sources */,
				DB6B90B2290966B900627F78 /* About.swift in Sources */,
				DB400534290939F400B32892 /* CaffeinateApp.swift in Sources */,
				DB6B90BA290967D400627F78 /* TabView.swift in Sources */,
				DB6B90B9290967D400627F78 /* SettingsView.swift in Sources */,
			);
			runOnlyForDeploymentPostprocessing = 0;
		};
/* End PBXSourcesBuildPhase section */

/* Begin XCBuildConfiguration section */
		DB40053D290939F600B32892 /* Debug */ = {
			isa = XCBuildConfiguration;
			buildSettings = {
				ALWAYS_SEARCH_USER_PATHS = NO;
				CLANG_ANALYZER_NONNULL = YES;
				CLANG_ANALYZER_NUMBER_OBJECT_CONVERSION = YES_AGGRESSIVE;
				CLANG_CXX_LANGUAGE_STANDARD = "gnu++20";
				CLANG_ENABLE_MODULES = YES;
				CLANG_ENABLE_OBJC_ARC = YES;
				CLANG_ENABLE_OBJC_WEAK = YES;
				CLANG_WARN_BLOCK_CAPTURE_AUTORELEASING = YES;
				CLANG_WARN_BOOL_CONVERSION = YES;
				CLANG_WARN_COMMA = YES;
				CLANG_WARN_CONSTANT_CONVERSION = YES;
				CLANG_WARN_DEPRECATED_OBJC_IMPLEMENTATIONS = YES;
				CLANG_WARN_DIRECT_OBJC_ISA_USAGE = YES_ERROR;
				CLANG_WARN_DOCUMENTATION_COMMENTS = YES;
				CLANG_WARN_EMPTY_BODY = YES;
				CLANG_WARN_ENUM_CONVERSION = YES;
				CLANG_WARN_INFINITE_RECURSION = YES;
				CLANG_WARN_INT_CONVERSION = YES;
				CLANG_WARN_NON_LITERAL_NULL_CONVERSION = YES;
				CLANG_WARN_OBJC_IMPLICIT_RETAIN_SELF = YES;
				CLANG_WARN_OBJC_LITERAL_CONVERSION = YES;
				CLANG_WARN_OBJC_ROOT_CLASS = YES_ERROR;
				CLANG_WARN_QUOTED_INCLUDE_IN_FRAMEWORK_HEADER = YES;
				CLANG_WARN_RANGE_LOOP_ANALYSIS = YES;
				CLANG_WARN_STRICT_PROTOTYPES = YES;
				CLANG_WARN_SUSPICIOUS_MOVE = YES;
				CLANG_WARN_UNGUARDED_AVAILABILITY = YES_AGGRESSIVE;
				CLANG_WARN_UNREACHABLE_CODE = YES;
				CLANG_WARN__DUPLICATE_METHOD_MATCH = YES;
				COPY_PHASE_STRIP = NO;
				DEBUG_INFORMATION_FORMAT = dwarf;
				ENABLE_STRICT_OBJC_MSGSEND = YES;
				ENABLE_TESTABILITY = YES;
				GCC_C_LANGUAGE_STANDARD = gnu11;
				GCC_DYNAMIC_NO_PIC = NO;
				GCC_NO_COMMON_BLOCKS = YES;
				GCC_OPTIMIZATION_LEVEL = 0;
				GCC_PREPROCESSOR_DEFINITIONS = (
					"DEBUG=1",
					"$(inherited)",
				);
				GCC_WARN_64_TO_32_BIT_CONVERSION = YES;
				GCC_WARN_ABOUT_RETURN_TYPE = YES_ERROR;
				GCC_WARN_UNDECLARED_SELECTOR = YES;
				GCC_WARN_UNINITIALIZED_AUTOS = YES_AGGRESSIVE;
				GCC_WARN_UNUSED_FUNCTION = YES;
				GCC_WARN_UNUSED_VARIABLE = YES;
				MACOSX_DEPLOYMENT_TARGET = 13.0;
				MTL_ENABLE_DEBUG_INFO = INCLUDE_SOURCE;
				MTL_FAST_MATH = YES;
				ONLY_ACTIVE_ARCH = YES;
				SDKROOT = macosx;
				SWIFT_ACTIVE_COMPILATION_CONDITIONS = DEBUG;
				SWIFT_OPTIMIZATION_LEVEL = "-Onone";
			};
			name = Debug;
		};
		DB40053E290939F600B32892 /* Release */ = {
			isa = XCBuildConfiguration;
			buildSettings = {
				ALWAYS_SEARCH_USER_PATHS = NO;
				CLANG_ANALYZER_NONNULL = YES;
				CLANG_ANALYZER_NUMBER_OBJECT_CONVERSION = YES_AGGRESSIVE;
				CLANG_CXX_LANGUAGE_STANDARD = "gnu++20";
				CLANG_ENABLE_MODULES = YES;
				CLANG_ENABLE_OBJC_ARC = YES;
				CLANG_ENABLE_OBJC_WEAK = YES;
				CLANG_WARN_BLOCK_CAPTURE_AUTORELEASING = YES;
				CLANG_WARN_BOOL_CONVERSION = YES;
				CLANG_WARN_COMMA = YES;
				CLANG_WARN_CONSTANT_CONVERSION = YES;
				CLANG_WARN_DEPRECATED_OBJC_IMPLEMENTATIONS = YES;
				CLANG_WARN_DIRECT_OBJC_ISA_USAGE = YES_ERROR;
				CLANG_WARN_DOCUMENTATION_COMMENTS = YES;
				CLANG_WARN_EMPTY_BODY = YES;
				CLANG_WARN_ENUM_CONVERSION = YES;
				CLANG_WARN_INFINITE_RECURSION = YES;
				CLANG_WARN_INT_CONVERSION = YES;
				CLANG_WARN_NON_LITERAL_NULL_CONVERSION = YES;
				CLANG_WARN_OBJC_IMPLICIT_RETAIN_SELF = YES;
				CLANG_WARN_OBJC_LITERAL_CONVERSION = YES;
				CLANG_WARN_OBJC_ROOT_CLASS = YES_ERROR;
				CLANG_WARN_QUOTED_INCLUDE_IN_FRAMEWORK_HEADER = YES;
				CLANG_WARN_RANGE_LOOP_ANALYSIS = YES;
				CLANG_WARN_STRICT_PROTOTYPES = YES;
				CLANG_WARN_SUSPICIOUS_MOVE = YES;
				CLANG_WARN_UNGUARDED_AVAILABILITY = YES_AGGRESSIVE;
				CLANG_WARN_UNREACHABLE_CODE = YES;
				CLANG_WARN__DUPLICATE_METHOD_MATCH = YES;
				COPY_PHASE_STRIP = NO;
				DEBUG_INFORMATION_FORMAT = "dwarf-with-dsym";
				ENABLE_NS_ASSERTIONS = NO;
				ENABLE_STRICT_OBJC_MSGSEND = YES;
				GCC_C_LANGUAGE_STANDARD = gnu11;
				GCC_NO_COMMON_BLOCKS = YES;
				GCC_WARN_64_TO_32_BIT_CONVERSION = YES;
				GCC_WARN_ABOUT_RETURN_TYPE = YES_ERROR;
				GCC_WARN_UNDECLARED_SELECTOR = YES;
				GCC_WARN_UNINITIALIZED_AUTOS = YES_AGGRESSIVE;
				GCC_WARN_UNUSED_FUNCTION = YES;
				GCC_WARN_UNUSED_VARIABLE = YES;
				MACOSX_DEPLOYMENT_TARGET = 13.0;
				MTL_ENABLE_DEBUG_INFO = NO;
				MTL_FAST_MATH = YES;
				SDKROOT = macosx;
				SWIFT_COMPILATION_MODE = wholemodule;
				SWIFT_OPTIMIZATION_LEVEL = "-O";
			};
			name = Release;
		};
		DB400540290939F600B32892 /* Debug */ = {
			isa = XCBuildConfiguration;
			buildSettings = {
				ASSETCATALOG_COMPILER_APPICON_NAME = AppIcon;
				ASSETCATALOG_COMPILER_GLOBAL_ACCENT_COLOR_NAME = AccentColor;
				CODE_SIGN_ENTITLEMENTS = Caffeinate/Caffeinate.entitlements;
				CODE_SIGN_STYLE = Automatic;
				COMBINE_HIDPI_IMAGES = YES;
				CURRENT_PROJECT_VERSION = 1;
				DEVELOPMENT_ASSET_PATHS = "\"Caffeinate/Preview Content\"";
				DEVELOPMENT_TEAM = VLCLT2XQF5;
				ENABLE_HARDENED_RUNTIME = YES;
				ENABLE_PREVIEWS = YES;
				GENERATE_INFOPLIST_FILE = YES;
				INFOPLIST_KEY_LSUIElement = YES;
				INFOPLIST_KEY_NSHumanReadableCopyright = "";
				LD_RUNPATH_SEARCH_PATHS = (
					"$(inherited)",
					"@executable_path/../Frameworks",
				);
				MACOSX_DEPLOYMENT_TARGET = 11.0;
				MARKETING_VERSION = 1.0;
				PRODUCT_BUNDLE_IDENTIFIER = com.Lennard.Caffeinate;
				PRODUCT_NAME = "$(TARGET_NAME)";
				SWIFT_EMIT_LOC_STRINGS = YES;
				SWIFT_VERSION = 5.0;
			};
			name = Debug;
		};
		DB400541290939F600B32892 /* Release */ = {
			isa = XCBuildConfiguration;
			buildSettings = {
				ASSETCATALOG_COMPILER_APPICON_NAME = AppIcon;
				ASSETCATALOG_COMPILER_GLOBAL_ACCENT_COLOR_NAME = AccentColor;
				CODE_SIGN_ENTITLEMENTS = Caffeinate/Caffeinate.entitlements;
				CODE_SIGN_STYLE = Automatic;
				COMBINE_HIDPI_IMAGES = YES;
				CURRENT_PROJECT_VERSION = 1;
				DEVELOPMENT_ASSET_PATHS = "\"Caffeinate/Preview Content\"";
				DEVELOPMENT_TEAM = VLCLT2XQF5;
				ENABLE_HARDENED_RUNTIME = YES;
				ENABLE_PREVIEWS = YES;
				GENERATE_INFOPLIST_FILE = YES;
				INFOPLIST_KEY_LSUIElement = YES;
				INFOPLIST_KEY_NSHumanReadableCopyright = "";
				LD_RUNPATH_SEARCH_PATHS = (
					"$(inherited)",
					"@executable_path/../Frameworks",
				);
				MACOSX_DEPLOYMENT_TARGET = 11.0;
				MARKETING_VERSION = 1.0;
				PRODUCT_BUNDLE_IDENTIFIER = com.Lennard.Caffeinate;
				PRODUCT_NAME = "$(TARGET_NAME)";
				SWIFT_EMIT_LOC_STRINGS = YES;
				SWIFT_VERSION = 5.0;
			};
			name = Release;
		};
/* End XCBuildConfiguration section */

/* Begin XCConfigurationList section */
		DB40052B290939F400B32892 /* Build configuration list for PBXProject "Caffeinate" */ = {
			isa = XCConfigurationList;
			buildConfigurations = (
				DB40053D290939F600B32892 /* Debug */,
				DB40053E290939F600B32892 /* Release */,
			);
			defaultConfigurationIsVisible = 0;
			defaultConfigurationName = Release;
		};
		DB40053F290939F600B32892 /* Build configuration list for PBXNativeTarget "Caffeinate" */ = {
			isa = XCConfigurationList;
			buildConfigurations = (
				DB400540290939F600B32892 /* Debug */,
				DB400541290939F600B32892 /* Release */,
			);
			defaultConfigurationIsVisible = 0;
			defaultConfigurationName = Release;
		};
/* End XCConfigurationList section */
	};
	rootObject = DB400528290939F400B32892 /* Project object */;
}
